
Microsoft Visual Studio Solution File, Format Version 12.00
# Visual Studio Version 16
VisualStudioVersion = 16.0.30413.136
MinimumVisualStudioVersion = 10.0.40219.1
Project("{FAE04EC0-301F-11D3-BF4B-00C04F79EFBC}") = "SingleNodeUserControl_CheckServer", "SingleNodeUserControl_CheckServer\SingleNodeUserControl_CheckServer.csproj", "{4E564470-C6C4-4066-9505-00BF7BCC79D4}"
EndProject
Project("{FAE04EC0-301F-11D3-BF4B-00C04F79EFBC}") = "SingleNodeUserControl_CheckServerDemo", "SingleNodeUserControl_CheckServerDemo\SingleNodeUserControl_CheckServerDemo.csproj", "{467C2BD9-FBEA-435A-A915-FA13C84809FA}"
EndProject
Global
	GlobalSection(SolutionConfigurationPlatforms) = preSolution
		Debug|Any CPU = Debug|Any CPU
		Release|Any CPU = Release|Any CPU
	EndGlobalSection
	GlobalSection(ProjectConfigurationPlatforms) = postSolution
		{4E564470-C6C4-4066-9505-00BF7BCC79D4}.Debug|Any CPU.ActiveCfg = Debug|Any CPU
		{4E564470-C6C4-4066-9505-00BF7BCC79D4}.Debug|Any CPU.Build.0 = Debug|Any CPU
		{4E564470-C6C4-4066-9505-00BF7BCC79D4}.Release|Any CPU.ActiveCfg = Release|Any CPU
		{4E564470-C6C4-4066-9505-00BF7BCC79D4}.Release|Any CPU.Build.0 = Release|Any CPU
		{467C2BD9-FBEA-435A-A915-FA13C84809FA}.Debug|Any CPU.ActiveCfg = Debug|Any CPU
		{467C2BD9-FBEA-435A-A915-FA13C84809FA}.Debug|Any CPU.Build.0 = Debug|Any CPU
		{467C2BD9-FBEA-435A-A915-FA13C84809FA}.Release|Any CPU.ActiveCfg = Release|Any CPU
		{467C2BD9-FBEA-435A-A915-FA13C84809FA}.Release|Any CPU.Build.0 = Release|Any CPU
	EndGlobalSection
	GlobalSection(SolutionProperties) = preSolution
		HideSolutionNode = FALSE
	EndGlobalSection
	GlobalSection(ExtensibilityGlobals) = postSolution
		SolutionGuid = {D0F2F3AB-2698-4283-B7A1-E9E39E60AA81}
	EndGlobalSection
EndGlobal
